
Microsoft Visual Studio Solution File, Format Version 12.00
# Visual Studio Version 17
VisualStudioVersion = 17.0.31903.59
MinimumVisualStudioVersion = 10.0.40219.1
Project("{9A19103F-16F7-4668-BE54-9A1E7A4F7556}") = "CLIConsole", "src\CLIConsole.csproj", "{003033DE-689D-47E0-8E4F-BD55FCD836F3}"
EndProject
Project("{9A19103F-16F7-4668-BE54-9A1E7A4F7556}") = "CLIClasslib", "src\CLIClasslib.csproj", "{309F3112-30D8-48E0-86AD-E55C870CA49B}"
EndProject
Project("{2150E333-8FDC-42A3-9474-1A3956D46DE8}") = "src", "src", "{88B6A01D-7CF2-4EE3-B26B-30523A916B1F}"
EndProject
Project("{FAE04EC0-301F-11D3-BF4B-00C04F79EFBC}") = "CLIApi", "src\CLIApi\CLIApi.csproj", "{AF1E9A04-FD52-43DF-9E2E-22064630E5B6}"
EndProject
Global
	GlobalSection(SolutionConfigurationPlatforms) = preSolution
		Debug|Any CPU = Debug|Any CPU
		Release|Any CPU = Release|Any CPU
	EndGlobalSection
	GlobalSection(ProjectConfigurationPlatforms) = postSolution
		{003033DE-689D-47E0-8E4F-BD55FCD836F3}.Debug|Any CPU.ActiveCfg = Debug|Any CPU
		{003033DE-689D-47E0-8E4F-BD55FCD836F3}.Debug|Any CPU.Build.0 = Debug|Any CPU
		{003033DE-689D-47E0-8E4F-BD55FCD836F3}.Release|Any CPU.ActiveCfg = Release|Any CPU
		{003033DE-689D-47E0-8E4F-BD55FCD836F3}.Release|Any CPU.Build.0 = Release|Any CPU
		{309F3112-30D8-48E0-86AD-E55C870CA49B}.Debug|Any CPU.ActiveCfg = Debug|Any CPU
		{309F3112-30D8-48E0-86AD-E55C870CA49B}.Debug|Any CPU.Build.0 = Debug|Any CPU
		{309F3112-30D8-48E0-86AD-E55C870CA49B}.Release|Any CPU.ActiveCfg = Release|Any CPU
		{309F3112-30D8-48E0-86AD-E55C870CA49B}.Release|Any CPU.Build.0 = Release|Any CPU
		{AF1E9A04-FD52-43DF-9E2E-22064630E5B6}.Debug|Any CPU.ActiveCfg = Debug|Any CPU
		{AF1E9A04-FD52-43DF-9E2E-22064630E5B6}.Debug|Any CPU.Build.0 = Debug|Any CPU
		{AF1E9A04-FD52-43DF-9E2E-22064630E5B6}.Release|Any CPU.ActiveCfg = Release|Any CPU
		{AF1E9A04-FD52-43DF-9E2E-22064630E5B6}.Release|Any CPU.Build.0 = Release|Any CPU
	EndGlobalSection
	GlobalSection(SolutionProperties) = preSolution
		HideSolutionNode = FALSE
	EndGlobalSection
	GlobalSection(NestedProjects) = preSolution
		{003033DE-689D-47E0-8E4F-BD55FCD836F3} = {88B6A01D-7CF2-4EE3-B26B-30523A916B1F}
		{309F3112-30D8-48E0-86AD-E55C870CA49B} = {88B6A01D-7CF2-4EE3-B26B-30523A916B1F}
		{AF1E9A04-FD52-43DF-9E2E-22064630E5B6} = {88B6A01D-7CF2-4EE3-B26B-30523A916B1F}
	EndGlobalSection
EndGlobal
