
Microsoft Visual Studio Solution File, Format Version 12.00
# Visual Studio Version 17
VisualStudioVersion = 17.0.31903.59
MinimumVisualStudioVersion = 10.0.40219.1
Project("{2150E333-8FDC-42A3-9474-1A3956D46DE8}") = "src", "src", "{28734216-E759-4E4D-8DF2-C6BDFDD57A01}"
EndProject
Project("{FAE04EC0-301F-11D3-BF4B-00C04F79EFBC}") = "MyClassLibProject", "src\MyClassLibProject\MyClassLibProject.csproj", "{75866719-5A90-4772-BE3A-B47BAC6636BD}"
EndProject
Project("{FAE04EC0-301F-11D3-BF4B-00C04F79EFBC}") = "MyConsoleProject", "src\MyConsoleProject\MyConsoleProject.csproj", "{16A2BEE0-131D-45E2-95FB-3469D207C29E}"
EndProject
Project("{FAE04EC0-301F-11D3-BF4B-00C04F79EFBC}") = "MyWebApiProject", "src\MyWebApiProject\MyWebApiProject.csproj", "{F910739D-3D1D-43F2-8D99-59DEC760ECA7}"
EndProject
Global
	GlobalSection(SolutionConfigurationPlatforms) = preSolution
		Debug|Any CPU = Debug|Any CPU
		Release|Any CPU = Release|Any CPU
	EndGlobalSection
	GlobalSection(SolutionProperties) = preSolution
		HideSolutionNode = FALSE
	EndGlobalSection
	GlobalSection(ProjectConfigurationPlatforms) = postSolution
		{75866719-5A90-4772-BE3A-B47BAC6636BD}.Debug|Any CPU.ActiveCfg = Debug|Any CPU
		{75866719-5A90-4772-BE3A-B47BAC6636BD}.Debug|Any CPU.Build.0 = Debug|Any CPU
		{75866719-5A90-4772-BE3A-B47BAC6636BD}.Release|Any CPU.ActiveCfg = Release|Any CPU
		{75866719-5A90-4772-BE3A-B47BAC6636BD}.Release|Any CPU.Build.0 = Release|Any CPU
		{16A2BEE0-131D-45E2-95FB-3469D207C29E}.Debug|Any CPU.ActiveCfg = Debug|Any CPU
		{16A2BEE0-131D-45E2-95FB-3469D207C29E}.Debug|Any CPU.Build.0 = Debug|Any CPU
		{16A2BEE0-131D-45E2-95FB-3469D207C29E}.Release|Any CPU.ActiveCfg = Release|Any CPU
		{16A2BEE0-131D-45E2-95FB-3469D207C29E}.Release|Any CPU.Build.0 = Release|Any CPU
		{F910739D-3D1D-43F2-8D99-59DEC760ECA7}.Debug|Any CPU.ActiveCfg = Debug|Any CPU
		{F910739D-3D1D-43F2-8D99-59DEC760ECA7}.Debug|Any CPU.Build.0 = Debug|Any CPU
		{F910739D-3D1D-43F2-8D99-59DEC760ECA7}.Release|Any CPU.ActiveCfg = Release|Any CPU
		{F910739D-3D1D-43F2-8D99-59DEC760ECA7}.Release|Any CPU.Build.0 = Release|Any CPU
	EndGlobalSection
	GlobalSection(NestedProjects) = preSolution
		{75866719-5A90-4772-BE3A-B47BAC6636BD} = {28734216-E759-4E4D-8DF2-C6BDFDD57A01}
		{16A2BEE0-131D-45E2-95FB-3469D207C29E} = {28734216-E759-4E4D-8DF2-C6BDFDD57A01}
		{F910739D-3D1D-43F2-8D99-59DEC760ECA7} = {28734216-E759-4E4D-8DF2-C6BDFDD57A01}
	EndGlobalSection
EndGlobal
