
Microsoft Visual Studio Solution File, Format Version 12.00
# Visual Studio Version 17
VisualStudioVersion = 17.0.31903.59
MinimumVisualStudioVersion = 10.0.40219.1
Project("{2150E333-8FDC-42A3-9474-1A3956D46DE8}") = "src", "src", "{C1D2F70E-9571-4000-9046-142FA5F3676A}"
EndProject
Project("{9A19103F-16F7-4668-BE54-9A1E7A4F7556}") = "CLIExample.ClassLibrary", "src\CLIExample.Classlibrary\CLIExample.ClassLibrary.csproj", "{02058239-4922-46C0-9842-8B543F144465}"
EndProject
Project("{9A19103F-16F7-4668-BE54-9A1E7A4F7556}") = "CLIExample.Console", "src\CLIExample.Console\CLIExample.Console.csproj", "{EFA35647-2B03-4465-A95D-BEEAC3EF8317}"
EndProject
Project("{9A19103F-16F7-4668-BE54-9A1E7A4F7556}") = "CLIExample.WebAPI", "src\CLIExample.WebApi\CLIExample.WebAPI.csproj", "{F31E5754-E3E4-4BD4-A877-8069A239EDA1}"
EndProject
Project("{2150E333-8FDC-42A3-9474-1A3956D46DE8}") = "test", "test", "{ED47E67B-EA95-4747-A976-EF50AEE492F8}"
EndProject
Project("{9A19103F-16F7-4668-BE54-9A1E7A4F7556}") = "CLIExample.Classlibrary.Test", "test\CLIExample.Classlibrary.test\CLIExample.Classlibrary.Test.csproj", "{72D412A4-C1D3-41EA-8414-23CAD89FEBF0}"
EndProject
Project("{9A19103F-16F7-4668-BE54-9A1E7A4F7556}") = "CLIExample.Console.Test", "test\CLIExample.console.test\CLIExample.Console.Test.csproj", "{0BA27EE3-7A89-4F17-99BD-1560B7470F03}"
EndProject
Project("{9A19103F-16F7-4668-BE54-9A1E7A4F7556}") = "CLIExample.WebAPI.Test", "test\CLIExample.webapi.test\CLIExample.WebAPI.Test.csproj", "{9F1D578D-9880-4757-8DD8-D253EE148322}"
EndProject
Project("{9A19103F-16F7-4668-BE54-9A1E7A4F7556}") = "maha-builder", "maha-builder\maha-builder.csproj", "{E21506FF-5B24-4177-90E2-AB075FAA7892}"
EndProject
Global
	GlobalSection(SolutionConfigurationPlatforms) = preSolution
		Debug|Any CPU = Debug|Any CPU
		Release|Any CPU = Release|Any CPU
	EndGlobalSection
	GlobalSection(ProjectConfigurationPlatforms) = postSolution
		{02058239-4922-46C0-9842-8B543F144465}.Debug|Any CPU.ActiveCfg = Debug|Any CPU
		{02058239-4922-46C0-9842-8B543F144465}.Debug|Any CPU.Build.0 = Debug|Any CPU
		{02058239-4922-46C0-9842-8B543F144465}.Release|Any CPU.ActiveCfg = Release|Any CPU
		{02058239-4922-46C0-9842-8B543F144465}.Release|Any CPU.Build.0 = Release|Any CPU
		{EFA35647-2B03-4465-A95D-BEEAC3EF8317}.Debug|Any CPU.ActiveCfg = Debug|Any CPU
		{EFA35647-2B03-4465-A95D-BEEAC3EF8317}.Debug|Any CPU.Build.0 = Debug|Any CPU
		{EFA35647-2B03-4465-A95D-BEEAC3EF8317}.Release|Any CPU.ActiveCfg = Release|Any CPU
		{EFA35647-2B03-4465-A95D-BEEAC3EF8317}.Release|Any CPU.Build.0 = Release|Any CPU
		{F31E5754-E3E4-4BD4-A877-8069A239EDA1}.Debug|Any CPU.ActiveCfg = Debug|Any CPU
		{F31E5754-E3E4-4BD4-A877-8069A239EDA1}.Debug|Any CPU.Build.0 = Debug|Any CPU
		{F31E5754-E3E4-4BD4-A877-8069A239EDA1}.Release|Any CPU.ActiveCfg = Release|Any CPU
		{F31E5754-E3E4-4BD4-A877-8069A239EDA1}.Release|Any CPU.Build.0 = Release|Any CPU
		{72D412A4-C1D3-41EA-8414-23CAD89FEBF0}.Debug|Any CPU.ActiveCfg = Debug|Any CPU
		{72D412A4-C1D3-41EA-8414-23CAD89FEBF0}.Debug|Any CPU.Build.0 = Debug|Any CPU
		{72D412A4-C1D3-41EA-8414-23CAD89FEBF0}.Release|Any CPU.ActiveCfg = Release|Any CPU
		{72D412A4-C1D3-41EA-8414-23CAD89FEBF0}.Release|Any CPU.Build.0 = Release|Any CPU
		{0BA27EE3-7A89-4F17-99BD-1560B7470F03}.Debug|Any CPU.ActiveCfg = Debug|Any CPU
		{0BA27EE3-7A89-4F17-99BD-1560B7470F03}.Debug|Any CPU.Build.0 = Debug|Any CPU
		{0BA27EE3-7A89-4F17-99BD-1560B7470F03}.Release|Any CPU.ActiveCfg = Release|Any CPU
		{0BA27EE3-7A89-4F17-99BD-1560B7470F03}.Release|Any CPU.Build.0 = Release|Any CPU
		{9F1D578D-9880-4757-8DD8-D253EE148322}.Debug|Any CPU.ActiveCfg = Debug|Any CPU
		{9F1D578D-9880-4757-8DD8-D253EE148322}.Debug|Any CPU.Build.0 = Debug|Any CPU
		{9F1D578D-9880-4757-8DD8-D253EE148322}.Release|Any CPU.ActiveCfg = Release|Any CPU
		{9F1D578D-9880-4757-8DD8-D253EE148322}.Release|Any CPU.Build.0 = Release|Any CPU
		{E21506FF-5B24-4177-90E2-AB075FAA7892}.Debug|Any CPU.ActiveCfg = Debug|Any CPU
		{E21506FF-5B24-4177-90E2-AB075FAA7892}.Debug|Any CPU.Build.0 = Debug|Any CPU
		{E21506FF-5B24-4177-90E2-AB075FAA7892}.Release|Any CPU.ActiveCfg = Release|Any CPU
		{E21506FF-5B24-4177-90E2-AB075FAA7892}.Release|Any CPU.Build.0 = Release|Any CPU
	EndGlobalSection
	GlobalSection(SolutionProperties) = preSolution
		HideSolutionNode = FALSE
	EndGlobalSection
	GlobalSection(NestedProjects) = preSolution
		{02058239-4922-46C0-9842-8B543F144465} = {C1D2F70E-9571-4000-9046-142FA5F3676A}
		{EFA35647-2B03-4465-A95D-BEEAC3EF8317} = {C1D2F70E-9571-4000-9046-142FA5F3676A}
		{F31E5754-E3E4-4BD4-A877-8069A239EDA1} = {C1D2F70E-9571-4000-9046-142FA5F3676A}
		{72D412A4-C1D3-41EA-8414-23CAD89FEBF0} = {ED47E67B-EA95-4747-A976-EF50AEE492F8}
		{0BA27EE3-7A89-4F17-99BD-1560B7470F03} = {ED47E67B-EA95-4747-A976-EF50AEE492F8}
		{9F1D578D-9880-4757-8DD8-D253EE148322} = {ED47E67B-EA95-4747-A976-EF50AEE492F8}
	EndGlobalSection
EndGlobal
