
Microsoft Visual Studio Solution File, Format Version 12.00
# Visual Studio Version 17
VisualStudioVersion = 17.0.31903.59
MinimumVisualStudioVersion = 10.0.40219.1
Project("{2150E333-8FDC-42A3-9474-1A3956D46DE8}") = "src", "src", "{A1762A2D-89E8-4596-93CB-07DBE52F46EA}"
EndProject
Project("{FAE04EC0-301F-11D3-BF4B-00C04F79EFBC}") = "ConsoleProject", "src\ConsoleProject\ConsoleProject.csproj", "{A5186216-DA7E-4D78-BC26-146FBFEC974D}"
EndProject
Project("{FAE04EC0-301F-11D3-BF4B-00C04F79EFBC}") = "ClassLibProject", "src\ClassLibProject\ClassLibProject.csproj", "{AE6E81E0-9A7D-41FD-9C3F-ECE3E61D141D}"
EndProject
Project("{FAE04EC0-301F-11D3-BF4B-00C04F79EFBC}") = "WebApiProject", "src\WebApiProject\WebApiProject.csproj", "{B790CF3F-0A44-4F12-8950-C4028B9F9065}"
EndProject
Project("{2150E333-8FDC-42A3-9474-1A3956D46DE8}") = "Test", "Test", "{1842D395-C819-463D-AE82-B99B2801BCBB}"
EndProject
Project("{FAE04EC0-301F-11D3-BF4B-00C04F79EFBC}") = "ConsoleProject.Tests", "Test\ConsoleProject.Tests\ConsoleProject.Tests.csproj", "{973A599A-949B-43C8-BE11-44A1A7C19082}"
EndProject
Project("{FAE04EC0-301F-11D3-BF4B-00C04F79EFBC}") = "ClassLibProject.Tests", "Test\ClassLibProject.Tests\ClassLibProject.Tests.csproj", "{CFE69CEA-3105-4E0D-BD57-287DB78F8019}"
EndProject
Project("{FAE04EC0-301F-11D3-BF4B-00C04F79EFBC}") = "WebApiProject.Tests", "Test\WebApiProject.Tests\WebApiProject.Tests.csproj", "{354C2548-E510-4860-857A-7EE91DB20F5A}"
EndProject
Global
	GlobalSection(SolutionConfigurationPlatforms) = preSolution
		Debug|Any CPU = Debug|Any CPU
		Release|Any CPU = Release|Any CPU
	EndGlobalSection
	GlobalSection(SolutionProperties) = preSolution
		HideSolutionNode = FALSE
	EndGlobalSection
	GlobalSection(ProjectConfigurationPlatforms) = postSolution
		{A5186216-DA7E-4D78-BC26-146FBFEC974D}.Debug|Any CPU.ActiveCfg = Debug|Any CPU
		{A5186216-DA7E-4D78-BC26-146FBFEC974D}.Debug|Any CPU.Build.0 = Debug|Any CPU
		{A5186216-DA7E-4D78-BC26-146FBFEC974D}.Release|Any CPU.ActiveCfg = Release|Any CPU
		{A5186216-DA7E-4D78-BC26-146FBFEC974D}.Release|Any CPU.Build.0 = Release|Any CPU
		{AE6E81E0-9A7D-41FD-9C3F-ECE3E61D141D}.Debug|Any CPU.ActiveCfg = Debug|Any CPU
		{AE6E81E0-9A7D-41FD-9C3F-ECE3E61D141D}.Debug|Any CPU.Build.0 = Debug|Any CPU
		{AE6E81E0-9A7D-41FD-9C3F-ECE3E61D141D}.Release|Any CPU.ActiveCfg = Release|Any CPU
		{AE6E81E0-9A7D-41FD-9C3F-ECE3E61D141D}.Release|Any CPU.Build.0 = Release|Any CPU
		{B790CF3F-0A44-4F12-8950-C4028B9F9065}.Debug|Any CPU.ActiveCfg = Debug|Any CPU
		{B790CF3F-0A44-4F12-8950-C4028B9F9065}.Debug|Any CPU.Build.0 = Debug|Any CPU
		{B790CF3F-0A44-4F12-8950-C4028B9F9065}.Release|Any CPU.ActiveCfg = Release|Any CPU
		{B790CF3F-0A44-4F12-8950-C4028B9F9065}.Release|Any CPU.Build.0 = Release|Any CPU
		{973A599A-949B-43C8-BE11-44A1A7C19082}.Debug|Any CPU.ActiveCfg = Debug|Any CPU
		{973A599A-949B-43C8-BE11-44A1A7C19082}.Debug|Any CPU.Build.0 = Debug|Any CPU
		{973A599A-949B-43C8-BE11-44A1A7C19082}.Release|Any CPU.ActiveCfg = Release|Any CPU
		{973A599A-949B-43C8-BE11-44A1A7C19082}.Release|Any CPU.Build.0 = Release|Any CPU
		{CFE69CEA-3105-4E0D-BD57-287DB78F8019}.Debug|Any CPU.ActiveCfg = Debug|Any CPU
		{CFE69CEA-3105-4E0D-BD57-287DB78F8019}.Debug|Any CPU.Build.0 = Debug|Any CPU
		{CFE69CEA-3105-4E0D-BD57-287DB78F8019}.Release|Any CPU.ActiveCfg = Release|Any CPU
		{CFE69CEA-3105-4E0D-BD57-287DB78F8019}.Release|Any CPU.Build.0 = Release|Any CPU
		{354C2548-E510-4860-857A-7EE91DB20F5A}.Debug|Any CPU.ActiveCfg = Debug|Any CPU
		{354C2548-E510-4860-857A-7EE91DB20F5A}.Debug|Any CPU.Build.0 = Debug|Any CPU
		{354C2548-E510-4860-857A-7EE91DB20F5A}.Release|Any CPU.ActiveCfg = Release|Any CPU
		{354C2548-E510-4860-857A-7EE91DB20F5A}.Release|Any CPU.Build.0 = Release|Any CPU
	EndGlobalSection
	GlobalSection(NestedProjects) = preSolution
		{A5186216-DA7E-4D78-BC26-146FBFEC974D} = {A1762A2D-89E8-4596-93CB-07DBE52F46EA}
		{AE6E81E0-9A7D-41FD-9C3F-ECE3E61D141D} = {A1762A2D-89E8-4596-93CB-07DBE52F46EA}
		{B790CF3F-0A44-4F12-8950-C4028B9F9065} = {A1762A2D-89E8-4596-93CB-07DBE52F46EA}
		{973A599A-949B-43C8-BE11-44A1A7C19082} = {1842D395-C819-463D-AE82-B99B2801BCBB}
		{CFE69CEA-3105-4E0D-BD57-287DB78F8019} = {1842D395-C819-463D-AE82-B99B2801BCBB}
		{354C2548-E510-4860-857A-7EE91DB20F5A} = {1842D395-C819-463D-AE82-B99B2801BCBB}
	EndGlobalSection
EndGlobal
