
Microsoft Visual Studio Solution File, Format Version 12.00
# Visual Studio Version 17
VisualStudioVersion = 17.0.31903.59
MinimumVisualStudioVersion = 10.0.40219.1
Project("{FAE04EC0-301F-11D3-BF4B-00C04F79EFBC}") = "TestAPI", "TestAPI\TestAPI.csproj", "{76367400-8176-4BB5-96A5-E8FAB0267DCA}"
EndProject
Project("{FAE04EC0-301F-11D3-BF4B-00C04F79EFBC}") = "TestLib", "TestLib\TestLib.csproj", "{8FD80289-BC88-44B1-B9F6-C3BCD1630CAD}"
EndProject
Project("{FAE04EC0-301F-11D3-BF4B-00C04F79EFBC}") = "TestConsole", "TestConsole\TestConsole.csproj", "{4FDF2983-1DBB-4E93-AC71-7CD7F54C351D}"
EndProject
Project("{2150E333-8FDC-42A3-9474-1A3956D46DE8}") = "test", "test", "{F0F36EA8-08B8-4E36-86D6-696FEDB3D611}"
EndProject
Project("{FAE04EC0-301F-11D3-BF4B-00C04F79EFBC}") = "Console.Tests", "test\Console.Tests\Console.Tests.csproj", "{9CB2B3E7-24B8-478E-8A78-BD046ADCBAA3}"
EndProject
Project("{FAE04EC0-301F-11D3-BF4B-00C04F79EFBC}") = "WebApi.Tests", "test\WebApi.Tests\WebApi.Tests.csproj", "{628F2BA4-92A8-42DC-8745-08F5D8B1DADF}"
EndProject
Project("{FAE04EC0-301F-11D3-BF4B-00C04F79EFBC}") = "ClassLib.Tests", "test\ClassLib.Tests\ClassLib.Tests.csproj", "{83F9AB98-3B28-43ED-A3BB-549AD3DB6C2C}"
EndProject
Global
	GlobalSection(SolutionConfigurationPlatforms) = preSolution
		Debug|Any CPU = Debug|Any CPU
		Release|Any CPU = Release|Any CPU
	EndGlobalSection
	GlobalSection(SolutionProperties) = preSolution
		HideSolutionNode = FALSE
	EndGlobalSection
	GlobalSection(ProjectConfigurationPlatforms) = postSolution
		{76367400-8176-4BB5-96A5-E8FAB0267DCA}.Debug|Any CPU.ActiveCfg = Debug|Any CPU
		{76367400-8176-4BB5-96A5-E8FAB0267DCA}.Debug|Any CPU.Build.0 = Debug|Any CPU
		{76367400-8176-4BB5-96A5-E8FAB0267DCA}.Release|Any CPU.ActiveCfg = Release|Any CPU
		{76367400-8176-4BB5-96A5-E8FAB0267DCA}.Release|Any CPU.Build.0 = Release|Any CPU
		{8FD80289-BC88-44B1-B9F6-C3BCD1630CAD}.Debug|Any CPU.ActiveCfg = Debug|Any CPU
		{8FD80289-BC88-44B1-B9F6-C3BCD1630CAD}.Debug|Any CPU.Build.0 = Debug|Any CPU
		{8FD80289-BC88-44B1-B9F6-C3BCD1630CAD}.Release|Any CPU.ActiveCfg = Release|Any CPU
		{8FD80289-BC88-44B1-B9F6-C3BCD1630CAD}.Release|Any CPU.Build.0 = Release|Any CPU
		{4FDF2983-1DBB-4E93-AC71-7CD7F54C351D}.Debug|Any CPU.ActiveCfg = Debug|Any CPU
		{4FDF2983-1DBB-4E93-AC71-7CD7F54C351D}.Debug|Any CPU.Build.0 = Debug|Any CPU
		{4FDF2983-1DBB-4E93-AC71-7CD7F54C351D}.Release|Any CPU.ActiveCfg = Release|Any CPU
		{4FDF2983-1DBB-4E93-AC71-7CD7F54C351D}.Release|Any CPU.Build.0 = Release|Any CPU
		{9CB2B3E7-24B8-478E-8A78-BD046ADCBAA3}.Debug|Any CPU.ActiveCfg = Debug|Any CPU
		{9CB2B3E7-24B8-478E-8A78-BD046ADCBAA3}.Debug|Any CPU.Build.0 = Debug|Any CPU
		{9CB2B3E7-24B8-478E-8A78-BD046ADCBAA3}.Release|Any CPU.ActiveCfg = Release|Any CPU
		{9CB2B3E7-24B8-478E-8A78-BD046ADCBAA3}.Release|Any CPU.Build.0 = Release|Any CPU
		{628F2BA4-92A8-42DC-8745-08F5D8B1DADF}.Debug|Any CPU.ActiveCfg = Debug|Any CPU
		{628F2BA4-92A8-42DC-8745-08F5D8B1DADF}.Debug|Any CPU.Build.0 = Debug|Any CPU
		{628F2BA4-92A8-42DC-8745-08F5D8B1DADF}.Release|Any CPU.ActiveCfg = Release|Any CPU
		{628F2BA4-92A8-42DC-8745-08F5D8B1DADF}.Release|Any CPU.Build.0 = Release|Any CPU
		{83F9AB98-3B28-43ED-A3BB-549AD3DB6C2C}.Debug|Any CPU.ActiveCfg = Debug|Any CPU
		{83F9AB98-3B28-43ED-A3BB-549AD3DB6C2C}.Debug|Any CPU.Build.0 = Debug|Any CPU
		{83F9AB98-3B28-43ED-A3BB-549AD3DB6C2C}.Release|Any CPU.ActiveCfg = Release|Any CPU
		{83F9AB98-3B28-43ED-A3BB-549AD3DB6C2C}.Release|Any CPU.Build.0 = Release|Any CPU
	EndGlobalSection
	GlobalSection(NestedProjects) = preSolution
		{9CB2B3E7-24B8-478E-8A78-BD046ADCBAA3} = {F0F36EA8-08B8-4E36-86D6-696FEDB3D611}
		{628F2BA4-92A8-42DC-8745-08F5D8B1DADF} = {F0F36EA8-08B8-4E36-86D6-696FEDB3D611}
		{83F9AB98-3B28-43ED-A3BB-549AD3DB6C2C} = {F0F36EA8-08B8-4E36-86D6-696FEDB3D611}
	EndGlobalSection
EndGlobal
