
Microsoft Visual Studio Solution File, Format Version 12.00
# Visual Studio Version 17
VisualStudioVersion = 17.0.31903.59
MinimumVisualStudioVersion = 10.0.40219.1
Project("{2150E333-8FDC-42A3-9474-1A3956D46DE8}") = "src", "src", "{2C877806-51EE-452D-816B-B9AD02303E00}"
EndProject
Project("{FAE04EC0-301F-11D3-BF4B-00C04F79EFBC}") = "console-project", "src\console-project\console-project.csproj", "{4249DA38-6F3D-4D84-85B8-575FB8BCEDD3}"
EndProject
Project("{FAE04EC0-301F-11D3-BF4B-00C04F79EFBC}") = "class-project", "src\class-project\class-project.csproj", "{B75E4FC1-BD39-41B0-A073-672DA4EB841B}"
EndProject
Project("{FAE04EC0-301F-11D3-BF4B-00C04F79EFBC}") = "webapi-project", "src\webapi-project\webapi-project.csproj", "{C4F13615-755C-482B-B1A8-1C317BA86F01}"
EndProject
Global
	GlobalSection(SolutionConfigurationPlatforms) = preSolution
		Debug|Any CPU = Debug|Any CPU
		Release|Any CPU = Release|Any CPU
	EndGlobalSection
	GlobalSection(SolutionProperties) = preSolution
		HideSolutionNode = FALSE
	EndGlobalSection
	GlobalSection(ProjectConfigurationPlatforms) = postSolution
		{4249DA38-6F3D-4D84-85B8-575FB8BCEDD3}.Debug|Any CPU.ActiveCfg = Debug|Any CPU
		{4249DA38-6F3D-4D84-85B8-575FB8BCEDD3}.Debug|Any CPU.Build.0 = Debug|Any CPU
		{4249DA38-6F3D-4D84-85B8-575FB8BCEDD3}.Release|Any CPU.ActiveCfg = Release|Any CPU
		{4249DA38-6F3D-4D84-85B8-575FB8BCEDD3}.Release|Any CPU.Build.0 = Release|Any CPU
		{B75E4FC1-BD39-41B0-A073-672DA4EB841B}.Debug|Any CPU.ActiveCfg = Debug|Any CPU
		{B75E4FC1-BD39-41B0-A073-672DA4EB841B}.Debug|Any CPU.Build.0 = Debug|Any CPU
		{B75E4FC1-BD39-41B0-A073-672DA4EB841B}.Release|Any CPU.ActiveCfg = Release|Any CPU
		{B75E4FC1-BD39-41B0-A073-672DA4EB841B}.Release|Any CPU.Build.0 = Release|Any CPU
		{C4F13615-755C-482B-B1A8-1C317BA86F01}.Debug|Any CPU.ActiveCfg = Debug|Any CPU
		{C4F13615-755C-482B-B1A8-1C317BA86F01}.Debug|Any CPU.Build.0 = Debug|Any CPU
		{C4F13615-755C-482B-B1A8-1C317BA86F01}.Release|Any CPU.ActiveCfg = Release|Any CPU
		{C4F13615-755C-482B-B1A8-1C317BA86F01}.Release|Any CPU.Build.0 = Release|Any CPU
	EndGlobalSection
	GlobalSection(NestedProjects) = preSolution
		{4249DA38-6F3D-4D84-85B8-575FB8BCEDD3} = {2C877806-51EE-452D-816B-B9AD02303E00}
		{B75E4FC1-BD39-41B0-A073-672DA4EB841B} = {2C877806-51EE-452D-816B-B9AD02303E00}
		{C4F13615-755C-482B-B1A8-1C317BA86F01} = {2C877806-51EE-452D-816B-B9AD02303E00}
	EndGlobalSection
EndGlobal
