
Microsoft Visual Studio Solution File, Format Version 12.00
# Visual Studio Version 17
VisualStudioVersion = 17.5.002.0
MinimumVisualStudioVersion = 10.0.40219.1
Project("{9A19103F-16F7-4668-BE54-9A1E7A4F7556}") = "maha-builder", "maha-builder\maha-builder.csproj", "{33030A62-AB2A-4F5C-9F72-6A221C2D66E9}"
EndProject
Global
	GlobalSection(SolutionConfigurationPlatforms) = preSolution
		Debug|Any CPU = Debug|Any CPU
		Release|Any CPU = Release|Any CPU
	EndGlobalSection
	GlobalSection(ProjectConfigurationPlatforms) = postSolution
		{33030A62-AB2A-4F5C-9F72-6A221C2D66E9}.Debug|Any CPU.ActiveCfg = Debug|Any CPU
		{33030A62-AB2A-4F5C-9F72-6A221C2D66E9}.Debug|Any CPU.Build.0 = Debug|Any CPU
		{33030A62-AB2A-4F5C-9F72-6A221C2D66E9}.Release|Any CPU.ActiveCfg = Release|Any CPU
		{33030A62-AB2A-4F5C-9F72-6A221C2D66E9}.Release|Any CPU.Build.0 = Release|Any CPU
	EndGlobalSection
	GlobalSection(SolutionProperties) = preSolution
		HideSolutionNode = FALSE
	EndGlobalSection
	GlobalSection(ExtensibilityGlobals) = postSolution
		SolutionGuid = {B5334B47-3F02-4E3E-8604-03BC29F5712D}
	EndGlobalSection
EndGlobal
